
Microsoft Visual Studio Solution File, Format Version 12.00
# Visual Studio Version 16
VisualStudioVersion = 16.0.30717.126
MinimumVisualStudioVersion = 10.0.40219.1
Project("{FAE04EC0-301F-11D3-BF4B-00C04F79EFBC}") = "LibraryWCF", "LibraryWCF\LibraryWCF.csproj", "{44BFFEB7-3C7A-4E0D-9827-5E5AD8A0ED56}"
EndProject
Project("{FAE04EC0-301F-11D3-BF4B-00C04F79EFBC}") = "LibraryWCFHost", "LibraryWCFHost\LibraryWCFHost.csproj", "{B2E5A588-4A47-4165-8BFE-441D113664C3}"
EndProject
Global
	GlobalSection(SolutionConfigurationPlatforms) = preSolution
		Debug|Any CPU = Debug|Any CPU
		Release|Any CPU = Release|Any CPU
	EndGlobalSection
	GlobalSection(ProjectConfigurationPlatforms) = postSolution
		{44BFFEB7-3C7A-4E0D-9827-5E5AD8A0ED56}.Debug|Any CPU.ActiveCfg = Debug|Any CPU
		{44BFFEB7-3C7A-4E0D-9827-5E5AD8A0ED56}.Debug|Any CPU.Build.0 = Debug|Any CPU
		{44BFFEB7-3C7A-4E0D-9827-5E5AD8A0ED56}.Release|Any CPU.ActiveCfg = Release|Any CPU
		{44BFFEB7-3C7A-4E0D-9827-5E5AD8A0ED56}.Release|Any CPU.Build.0 = Release|Any CPU
		{B2E5A588-4A47-4165-8BFE-441D113664C3}.Debug|Any CPU.ActiveCfg = Debug|Any CPU
		{B2E5A588-4A47-4165-8BFE-441D113664C3}.Debug|Any CPU.Build.0 = Debug|Any CPU
		{B2E5A588-4A47-4165-8BFE-441D113664C3}.Release|Any CPU.ActiveCfg = Release|Any CPU
		{B2E5A588-4A47-4165-8BFE-441D113664C3}.Release|Any CPU.Build.0 = Release|Any CPU
	EndGlobalSection
	GlobalSection(SolutionProperties) = preSolution
		HideSolutionNode = FALSE
	EndGlobalSection
	GlobalSection(ExtensibilityGlobals) = postSolution
		SolutionGuid = {13F23586-EDF5-4232-A58E-17FED7A66820}
	EndGlobalSection
EndGlobal
